
Microsoft Visual Studio Solution File, Format Version 12.00
# Visual Studio Version 16
VisualStudioVersion = 16.0.35026.282
MinimumVisualStudioVersion = 10.0.40219.1
Project("{FAE04EC0-301F-11D3-BF4B-00C04F79EFBC}") = "Homework1", "Homework1\Homework1.csproj", "{F012B4DF-43CE-4DC9-854C-6746C1B6F114}"
EndProject
Global
	GlobalSection(SolutionConfigurationPlatforms) = preSolution
		Debug|Any CPU = Debug|Any CPU
		Release|Any CPU = Release|Any CPU
	EndGlobalSection
	GlobalSection(ProjectConfigurationPlatforms) = postSolution
		{F012B4DF-43CE-4DC9-854C-6746C1B6F114}.Debug|Any CPU.ActiveCfg = Debug|Any CPU
		{F012B4DF-43CE-4DC9-854C-6746C1B6F114}.Debug|Any CPU.Build.0 = Debug|Any CPU
		{F012B4DF-43CE-4DC9-854C-6746C1B6F114}.Release|Any CPU.ActiveCfg = Release|Any CPU
		{F012B4DF-43CE-4DC9-854C-6746C1B6F114}.Release|Any CPU.Build.0 = Release|Any CPU
	EndGlobalSection
	GlobalSection(SolutionProperties) = preSolution
		HideSolutionNode = FALSE
	EndGlobalSection
	GlobalSection(ExtensibilityGlobals) = postSolution
		SolutionGuid = {2D8054F7-8EE8-4DBB-8F70-AE1D382F9032}
	EndGlobalSection
EndGlobal
